// !$*UTF8*$!
{
	archiveVersion = 1;
	classes = {
	};
	objectVersion = 46;
	objects = {

/* Begin PBXBuildFile section */
		03664C371F45ADDC00173153 /* AppDelegate.swift in Sources */ = {isa = PBXBuildFile; fileRef = 03664C361F45ADDC00173153 /* AppDelegate.swift */; };
		03664C391F45ADDC00173153 /* ViewController.swift in Sources */ = {isa = PBXBuildFile; fileRef = 03664C381F45ADDC00173153 /* ViewController.swift */; };
		03664C3C1F45ADDC00173153 /* Main.storyboard in Resources */ = {isa = PBXBuildFile; fileRef = 03664C3A1F45ADDC00173153 /* Main.storyboard */; };
		03664C3E1F45ADDC00173153 /* Assets.xcassets in Resources */ = {isa = PBXBuildFile; fileRef = 03664C3D1F45ADDC00173153 /* Assets.xcassets */; };
		03664C411F45ADDC00173153 /* LaunchScreen.storyboard in Resources */ = {isa = PBXBuildFile; fileRef = 03664C3F1F45ADDC00173153 /* LaunchScreen.storyboard */; };
		03664C4B1F45C80D00173153 /* maldini.jpg in Resources */ = {isa = PBXBuildFile; fileRef = 03664C481F45C80D00173153 /* maldini.jpg */; };
		03664C4C1F45C80D00173153 /* silva.jpg in Resources */ = {isa = PBXBuildFile; fileRef = 03664C491F45C80D00173153 /* silva.jpg */; };
		03664C4D1F45C80D00173153 /* romka.jpg in Resources */ = {isa = PBXBuildFile; fileRef = 03664C4A1F45C80D00173153 /* romka.jpg */; };
		03664C4F1F45CBA400173153 /* ViewControllerTableViewCell.swift in Sources */ = {isa = PBXBuildFile; fileRef = 03664C4E1F45CBA400173153 /* ViewControllerTableViewCell.swift */; };
		B81AD7591A914F62266BCE14 /* Pods_loader.framework in Frameworks */ = {isa = PBXBuildFile; fileRef = 3D1812E5EEB5E5DCA212E6AD /* Pods_loader.framework */; };
/* End PBXBuildFile section */

/* Begin PBXFileReference section */
		03664C331F45ADDC00173153 /* loader.app */ = {isa = PBXFileReference; explicitFileType = wrapper.application; includeInIndex = 0; path = loader.app; sourceTree = BUILT_PRODUCTS_DIR; };
		03664C361F45ADDC00173153 /* AppDelegate.swift */ = {isa = PBXFileReference; lastKnownFileType = sourcecode.swift; path = AppDelegate.swift; sourceTree = "<group>"; };
		03664C381F45ADDC00173153 /* ViewController.swift */ = {isa = PBXFileReference; lastKnownFileType = sourcecode.swift; path = ViewController.swift; sourceTree = "<group>"; };
		03664C3B1F45ADDC00173153 /* Base */ = {isa = PBXFileReference; lastKnownFileType = file.storyboard; name = Base; path = Base.lproj/Main.storyboard; sourceTree = "<group>"; };
		03664C3D1F45ADDC00173153 /* Assets.xcassets */ = {isa = PBXFileReference; lastKnownFileType = folder.assetcatalog; path = Assets.xcassets; sourceTree = "<group>"; };
		03664C401F45ADDC00173153 /* Base */ = {isa = PBXFileReference; lastKnownFileType = file.storyboard; name = Base; path = Base.lproj/LaunchScreen.storyboard; sourceTree = "<group>"; };
		03664C421F45ADDC00173153 /* Info.plist */ = {isa = PBXFileReference; lastKnownFileType = text.plist.xml; path = Info.plist; sourceTree = "<group>"; };
		03664C481F45C80D00173153 /* maldini.jpg */ = {isa = PBXFileReference; lastKnownFileType = image.jpeg; path = maldini.jpg; sourceTree = "<group>"; };
		03664C491F45C80D00173153 /* silva.jpg */ = {isa = PBXFileReference; lastKnownFileType = image.jpeg; path = silva.jpg; sourceTree = "<group>"; };
		03664C4A1F45C80D00173153 /* romka.jpg */ = {isa = PBXFileReference; lastKnownFileType = image.jpeg; path = romka.jpg; sourceTree = "<group>"; };
		03664C4E1F45CBA400173153 /* ViewControllerTableViewCell.swift */ = {isa = PBXFileReference; fileEncoding = 4; lastKnownFileType = sourcecode.swift; path = ViewControllerTableViewCell.swift; sourceTree = "<group>"; };
		11B9A9E9581B202973F54748 /* Pods-loader.release.xcconfig */ = {isa = PBXFileReference; includeInIndex = 1; lastKnownFileType = text.xcconfig; name = "Pods-loader.release.xcconfig"; path = "Pods/Target Support Files/Pods-loader/Pods-loader.release.xcconfig"; sourceTree = "<group>"; };
		3D1812E5EEB5E5DCA212E6AD /* Pods_loader.framework */ = {isa = PBXFileReference; explicitFileType = wrapper.framework; includeInIndex = 0; path = Pods_loader.framework; sourceTree = BUILT_PRODUCTS_DIR; };
		7D1570E002DCB463150C60D3 /* Pods-loader.debug.xcconfig */ = {isa = PBXFileReference; includeInIndex = 1; lastKnownFileType = text.xcconfig; name = "Pods-loader.debug.xcconfig"; path = "Pods/Target Support Files/Pods-loader/Pods-loader.debug.xcconfig"; sourceTree = "<group>"; };
/* End PBXFileReference section */

/* Begin PBXFrameworksBuildPhase section */
		03664C301F45ADDC00173153 /* Frameworks */ = {
			isa = PBXFrameworksBuildPhase;
			buildActionMask = 2147483647;
			files = (
				B81AD7591A914F62266BCE14 /* Pods_loader.framework in Frameworks */,
			);
			runOnlyForDeploymentPostprocessing = 0;
		};
/* End PBXFrameworksBuildPhase section */

/* Begin PBXGroup section */
		03664C2A1F45ADDC00173153 = {
			isa = PBXGroup;
			children = (
				03664C351F45ADDC00173153 /* loader */,
				03664C341F45ADDC00173153 /* Products */,
				3C1DA8D0A7A242680FCC3DFD /* Pods */,
				3B319CB7F7CC8291D83B4FA7 /* Frameworks */,
			);
			sourceTree = "<group>";
		};
		03664C341F45ADDC00173153 /* Products */ = {
			isa = PBXGroup;
			children = (
				03664C331F45ADDC00173153 /* loader.app */,
			);
			name = Products;
			sourceTree = "<group>";
		};
		03664C351F45ADDC00173153 /* loader */ = {
			isa = PBXGroup;
			children = (
				03664C361F45ADDC00173153 /* AppDelegate.swift */,
				03664C381F45ADDC00173153 /* ViewController.swift */,
				03664C3A1F45ADDC00173153 /* Main.storyboard */,
				03664C4E1F45CBA400173153 /* ViewControllerTableViewCell.swift */,
				03664C3D1F45ADDC00173153 /* Assets.xcassets */,
				03664C3F1F45ADDC00173153 /* LaunchScreen.storyboard */,
				03664C481F45C80D00173153 /* maldini.jpg */,
				03664C491F45C80D00173153 /* silva.jpg */,
				03664C4A1F45C80D00173153 /* romka.jpg */,
				03664C421F45ADDC00173153 /* Info.plist */,
			);
			path = loader;
			sourceTree = "<group>";
		};
		3B319CB7F7CC8291D83B4FA7 /* Frameworks */ = {
			isa = PBXGroup;
			children = (
				3D1812E5EEB5E5DCA212E6AD /* Pods_loader.framework */,
			);
			name = Frameworks;
			sourceTree = "<group>";
		};
		3C1DA8D0A7A242680FCC3DFD /* Pods */ = {
			isa = PBXGroup;
			children = (
				7D1570E002DCB463150C60D3 /* Pods-loader.debug.xcconfig */,
				11B9A9E9581B202973F54748 /* Pods-loader.release.xcconfig */,
			);
			name = Pods;
			sourceTree = "<group>";
		};
/* End PBXGroup section */

/* Begin PBXNativeTarget section */
		03664C321F45ADDC00173153 /* loader */ = {
			isa = PBXNativeTarget;
			buildConfigurationList = 03664C451F45ADDC00173153 /* Build configuration list for PBXNativeTarget "loader" */;
			buildPhases = (
				CF1C44C5EE445376F4845092 /* [CP] Check Pods Manifest.lock */,
				03664C2F1F45ADDC00173153 /* Sources */,
				03664C301F45ADDC00173153 /* Frameworks */,
				03664C311F45ADDC00173153 /* Resources */,
				B9AC23B4155032F4D87CEBF1 /* [CP] Embed Pods Frameworks */,
				BF23B6707BE4BEDC147C8740 /* [CP] Copy Pods Resources */,
			);
			buildRules = (
			);
			dependencies = (
			);
			name = loader;
			productName = loader;
			productReference = 03664C331F45ADDC00173153 /* loader.app */;
			productType = "com.apple.product-type.application";
		};
/* End PBXNativeTarget section */

/* Begin PBXProject section */
		03664C2B1F45ADDC00173153 /* Project object */ = {
			isa = PBXProject;
			attributes = {
				LastSwiftUpdateCheck = 0830;
				LastUpgradeCheck = 0830;
				ORGANIZATIONNAME = "Saulebekov Azamat";
				TargetAttributes = {
					03664C321F45ADDC00173153 = {
						CreatedOnToolsVersion = 8.3.3;
						ProvisioningStyle = Automatic;
					};
				};
			};
			buildConfigurationList = 03664C2E1F45ADDC00173153 /* Build configuration list for PBXProject "loader" */;
			compatibilityVersion = "Xcode 3.2";
			developmentRegion = English;
			hasScannedForEncodings = 0;
			knownRegions = (
				en,
				Base,
			);
			mainGroup = 03664C2A1F45ADDC00173153;
			productRefGroup = 03664C341F45ADDC00173153 /* Products */;
			projectDirPath = "";
			projectRoot = "";
			targets = (
				03664C321F45ADDC00173153 /* loader */,
			);
		};
/* End PBXProject section */

/* Begin PBXResourcesBuildPhase section */
		03664C311F45ADDC00173153 /* Resources */ = {
			isa = PBXResourcesBuildPhase;
			buildActionMask = 2147483647;
			files = (
				03664C4D1F45C80D00173153 /* romka.jpg in Resources */,
				03664C4C1F45C80D00173153 /* silva.jpg in Resources */,
				03664C4B1F45C80D00173153 /* maldini.jpg in Resources */,
				03664C411F45ADDC00173153 /* LaunchScreen.storyboard in Resources */,
				03664C3E1F45ADDC00173153 /* Assets.xcassets in Resources */,
				03664C3C1F45ADDC00173153 /* Main.storyboard in Resources */,
			);
			runOnlyForDeploymentPostprocessing = 0;
		};
/* End PBXResourcesBuildPhase section */

/* Begin PBXShellScriptBuildPhase section */
		B9AC23B4155032F4D87CEBF1 /* [CP] Embed Pods Frameworks */ = {
			isa = PBXShellScriptBuildPhase;
			buildActionMask = 2147483647;
			files = (
			);
			inputPaths = (
			);
			name = "[CP] Embed Pods Frameworks";
			outputPaths = (
			);
			runOnlyForDeploymentPostprocessing = 0;
			shellPath = /bin/sh;
			shellScript = "\"${SRCROOT}/Pods/Target Support Files/Pods-loader/Pods-loader-frameworks.sh\"\n";
			showEnvVarsInLog = 0;
		};
		BF23B6707BE4BEDC147C8740 /* [CP] Copy Pods Resources */ = {
			isa = PBXShellScriptBuildPhase;
			buildActionMask = 2147483647;
			files = (
			);
			inputPaths = (
			);
			name = "[CP] Copy Pods Resources";
			outputPaths = (
			);
			runOnlyForDeploymentPostprocessing = 0;
			shellPath = /bin/sh;
			shellScript = "\"${SRCROOT}/Pods/Target Support Files/Pods-loader/Pods-loader-resources.sh\"\n";
			showEnvVarsInLog = 0;
		};
		CF1C44C5EE445376F4845092 /* [CP] Check Pods Manifest.lock */ = {
			isa = PBXShellScriptBuildPhase;
			buildActionMask = 2147483647;
			files = (
			);
			inputPaths = (
			);
			name = "[CP] Check Pods Manifest.lock";
			outputPaths = (
			);
			runOnlyForDeploymentPostprocessing = 0;
			shellPath = /bin/sh;
			shellScript = "diff \"${PODS_ROOT}/../Podfile.lock\" \"${PODS_ROOT}/Manifest.lock\" > /dev/null\nif [ $? != 0 ] ; then\n    # print error to STDERR\n    echo \"error: The sandbox is not in sync with the Podfile.lock. Run 'pod install' or update your CocoaPods installation.\" >&2\n    exit 1\nfi\n";
			showEnvVarsInLog = 0;
		};
/* End PBXShellScriptBuildPhase section */

/* Begin PBXSourcesBuildPhase section */
		03664C2F1F45ADDC00173153 /* Sources */ = {
			isa = PBXSourcesBuildPhase;
			buildActionMask = 2147483647;
			files = (
				03664C391F45ADDC00173153 /* ViewController.swift in Sources */,
				03664C371F45ADDC00173153 /* AppDelegate.swift in Sources */,
				03664C4F1F45CBA400173153 /* ViewControllerTableViewCell.swift in Sources */,
			);
			runOnlyForDeploymentPostprocessing = 0;
		};
/* End PBXSourcesBuildPhase section */

/* Begin PBXVariantGroup section */
		03664C3A1F45ADDC00173153 /* Main.storyboard */ = {
			isa = PBXVariantGroup;
			children = (
				03664C3B1F45ADDC00173153 /* Base */,
			);
			name = Main.storyboard;
			sourceTree = "<group>";
		};
		03664C3F1F45ADDC00173153 /* LaunchScreen.storyboard */ = {
			isa = PBXVariantGroup;
			children = (
				03664C401F45ADDC00173153 /* Base */,
			);
			name = LaunchScreen.storyboard;
			sourceTree = "<group>";
		};
/* End PBXVariantGroup section */

/* Begin XCBuildConfiguration section */
		03664C431F45ADDC00173153 /* Debug */ = {
			isa = XCBuildConfiguration;
			buildSettings = {
				ALWAYS_SEARCH_USER_PATHS = NO;
				CLANG_ANALYZER_NONNULL = YES;
				CLANG_ANALYZER_NUMBER_OBJECT_CONVERSION = YES_AGGRESSIVE;
				CLANG_CXX_LANGUAGE_STANDARD = "gnu++0x";
				CLANG_CXX_LIBRARY = "libc++";
				CLANG_ENABLE_MODULES = YES;
				CLANG_ENABLE_OBJC_ARC = YES;
				CLANG_WARN_BOOL_CONVERSION = YES;
				CLANG_WARN_CONSTANT_CONVERSION = YES;
				CLANG_WARN_DIRECT_OBJC_ISA_USAGE = YES_ERROR;
				CLANG_WARN_DOCUMENTATION_COMMENTS = YES;
				CLANG_WARN_EMPTY_BODY = YES;
				CLANG_WARN_ENUM_CONVERSION = YES;
				CLANG_WARN_INFINITE_RECURSION = YES;
				CLANG_WARN_INT_CONVERSION = YES;
				CLANG_WARN_OBJC_ROOT_CLASS = YES_ERROR;
				CLANG_WARN_SUSPICIOUS_MOVE = YES;
				CLANG_WARN_UNREACHABLE_CODE = YES;
				CLANG_WARN__DUPLICATE_METHOD_MATCH = YES;
				"CODE_SIGN_IDENTITY[sdk=iphoneos*]" = "iPhone Developer";
				COPY_PHASE_STRIP = NO;
				DEBUG_INFORMATION_FORMAT = dwarf;
				ENABLE_STRICT_OBJC_MSGSEND = YES;
				ENABLE_TESTABILITY = YES;
				GCC_C_LANGUAGE_STANDARD = gnu99;
				GCC_DYNAMIC_NO_PIC = NO;
				GCC_NO_COMMON_BLOCKS = YES;
				GCC_OPTIMIZATION_LEVEL = 0;
				GCC_PREPROCESSOR_DEFINITIONS = (
					"DEBUG=1",
					"$(inherited)",
				);
				GCC_WARN_64_TO_32_BIT_CONVERSION = YES;
				GCC_WARN_ABOUT_RETURN_TYPE = YES_ERROR;
				GCC_WARN_UNDECLARED_SELECTOR = YES;
				GCC_WARN_UNINITIALIZED_AUTOS = YES_AGGRESSIVE;
				GCC_WARN_UNUSED_FUNCTION = YES;
				GCC_WARN_UNUSED_VARIABLE = YES;
				IPHONEOS_DEPLOYMENT_TARGET = 10.3;
				MTL_ENABLE_DEBUG_INFO = YES;
				ONLY_ACTIVE_ARCH = YES;
				SDKROOT = iphoneos;
				SWIFT_ACTIVE_COMPILATION_CONDITIONS = DEBUG;
				SWIFT_OPTIMIZATION_LEVEL = "-Onone";
			};
			name = Debug;
		};
		03664C441F45ADDC00173153 /* Release */ = {
			isa = XCBuildConfiguration;
			buildSettings = {
				ALWAYS_SEARCH_USER_PATHS = NO;
				CLANG_ANALYZER_NONNULL = YES;
				CLANG_ANALYZER_NUMBER_OBJECT_CONVERSION = YES_AGGRESSIVE;
				CLANG_CXX_LANGUAGE_STANDARD = "gnu++0x";
				CLANG_CXX_LIBRARY = "libc++";
				CLANG_ENABLE_MODULES = YES;
				CLANG_ENABLE_OBJC_ARC = YES;
				CLANG_WARN_BOOL_CONVERSION = YES;
				CLANG_WARN_CONSTANT_CONVERSION = YES;
				CLANG_WARN_DIRECT_OBJC_ISA_USAGE = YES_ERROR;
				CLANG_WARN_DOCUMENTATION_COMMENTS = YES;
				CLANG_WARN_EMPTY_BODY = YES;
				CLANG_WARN_ENUM_CONVERSION = YES;
				CLANG_WARN_INFINITE_RECURSION = YES;
				CLANG_WARN_INT_CONVERSION = YES;
				CLANG_WARN_OBJC_ROOT_CLASS = YES_ERROR;
				CLANG_WARN_SUSPICIOUS_MOVE = YES;
				CLANG_WARN_UNREACHABLE_CODE = YES;
				CLANG_WARN__DUPLICATE_METHOD_MATCH = YES;
				"CODE_SIGN_IDENTITY[sdk=iphoneos*]" = "iPhone Developer";
				COPY_PHASE_STRIP = NO;
				DEBUG_INFORMATION_FORMAT = "dwarf-with-dsym";
				ENABLE_NS_ASSERTIONS = NO;
				ENABLE_STRICT_OBJC_MSGSEND = YES;
				GCC_C_LANGUAGE_STANDARD = gnu99;
				GCC_NO_COMMON_BLOCKS = YES;
				GCC_WARN_64_TO_32_BIT_CONVERSION = YES;
				GCC_WARN_ABOUT_RETURN_TYPE = YES_ERROR;
				GCC_WARN_UNDECLARED_SELECTOR = YES;
				GCC_WARN_UNINITIALIZED_AUTOS = YES_AGGRESSIVE;
				GCC_WARN_UNUSED_FUNCTION = YES;
				GCC_WARN_UNUSED_VARIABLE = YES;
				IPHONEOS_DEPLOYMENT_TARGET = 10.3;
				MTL_ENABLE_DEBUG_INFO = NO;
				SDKROOT = iphoneos;
				SWIFT_OPTIMIZATION_LEVEL = "-Owholemodule";
				VALIDATE_PRODUCT = YES;
			};
			name = Release;
		};
		03664C461F45ADDC00173153 /* Debug */ = {
			isa = XCBuildConfiguration;
			baseConfigurationReference = 7D1570E002DCB463150C60D3 /* Pods-loader.debug.xcconfig */;
			buildSettings = {
				ASSETCATALOG_COMPILER_APPICON_NAME = AppIcon;
				INFOPLIST_FILE = loader/Info.plist;
				LD_RUNPATH_SEARCH_PATHS = "$(inherited) @executable_path/Frameworks";
				PRODUCT_BUNDLE_IDENTIFIER = com.loader;
				PRODUCT_NAME = "$(TARGET_NAME)";
				SWIFT_VERSION = 3.0;
			};
			name = Debug;
		};
		03664C471F45ADDC00173153 /* Release */ = {
			isa = XCBuildConfiguration;
			baseConfigurationReference = 11B9A9E9581B202973F54748 /* Pods-loader.release.xcconfig */;
			buildSettings = {
				ASSETCATALOG_COMPILER_APPICON_NAME = AppIcon;
				INFOPLIST_FILE = loader/Info.plist;
				LD_RUNPATH_SEARCH_PATHS = "$(inherited) @executable_path/Frameworks";
				PRODUCT_BUNDLE_IDENTIFIER = com.loader;
				PRODUCT_NAME = "$(TARGET_NAME)";
				SWIFT_VERSION = 3.0;
			};
			name = Release;
		};
/* End XCBuildConfiguration section */

/* Begin XCConfigurationList section */
		03664C2E1F45ADDC00173153 /* Build configuration list for PBXProject "loader" */ = {
			isa = XCConfigurationList;
			buildConfigurations = (
				03664C431F45ADDC00173153 /* Debug */,
				03664C441F45ADDC00173153 /* Release */,
			);
			defaultConfigurationIsVisible = 0;
			defaultConfigurationName = Release;
		};
		03664C451F45ADDC00173153 /* Build configuration list for PBXNativeTarget "loader" */ = {
			isa = XCConfigurationList;
			buildConfigurations = (
				03664C461F45ADDC00173153 /* Debug */,
				03664C471F45ADDC00173153 /* Release */,
			);
			defaultConfigurationIsVisible = 0;
		};
/* End XCConfigurationList section */
	};
	rootObject = 03664C2B1F45ADDC00173153 /* Project object */;
}
